
Microsoft Visual Studio Solution File, Format Version 12.00
# Visual Studio Version 17
VisualStudioVersion = 17.10.35004.147
MinimumVisualStudioVersion = 10.0.40219.1
Project("{FAE04EC0-301F-11D3-BF4B-00C04F79EFBC}") = "Favorite_Movies_Manager", "Favorite_Movies_Manager\Favorite_Movies_Manager.csproj", "{1357A8A2-47E1-4502-9967-CA29194E8116}"
EndProject
Global
	GlobalSection(SolutionConfigurationPlatforms) = preSolution
		Debug|Any CPU = Debug|Any CPU
		Release|Any CPU = Release|Any CPU
	EndGlobalSection
	GlobalSection(ProjectConfigurationPlatforms) = postSolution
		{1357A8A2-47E1-4502-9967-CA29194E8116}.Debug|Any CPU.ActiveCfg = Debug|Any CPU
		{1357A8A2-47E1-4502-9967-CA29194E8116}.Debug|Any CPU.Build.0 = Debug|Any CPU
		{1357A8A2-47E1-4502-9967-CA29194E8116}.Release|Any CPU.ActiveCfg = Release|Any CPU
		{1357A8A2-47E1-4502-9967-CA29194E8116}.Release|Any CPU.Build.0 = Release|Any CPU
	EndGlobalSection
	GlobalSection(SolutionProperties) = preSolution
		HideSolutionNode = FALSE
	EndGlobalSection
	GlobalSection(ExtensibilityGlobals) = postSolution
		SolutionGuid = {0D326CE8-0534-4F79-A7D2-CE5BA80B775E}
	EndGlobalSection
EndGlobal
